// !$*UTF8*$!
{
	archiveVersion = 1;
	classes = {
	};
	objectVersion = 56;
	objects = {

/* Begin PBXBuildFile section */
		FA1709CF2A02E8A700E1B1ED /* AppDelegate.swift in Sources */ = {isa = PBXBuildFile; fileRef = FA1709CE2A02E8A700E1B1ED /* AppDelegate.swift */; };
		FA1709D12A02E8A700E1B1ED /* SceneDelegate.swift in Sources */ = {isa = PBXBuildFile; fileRef = FA1709D02A02E8A700E1B1ED /* SceneDelegate.swift */; };
		FA1709D82A02E8AD00E1B1ED /* Assets.xcassets in Resources */ = {isa = PBXBuildFile; fileRef = FA1709D72A02E8AD00E1B1ED /* Assets.xcassets */; };
		FA1709DB2A02E8AD00E1B1ED /* LaunchScreen.storyboard in Resources */ = {isa = PBXBuildFile; fileRef = FA1709D92A02E8AD00E1B1ED /* LaunchScreen.storyboard */; };
		FA1709E62A02E8AD00E1B1ED /* MovieListTests.swift in Sources */ = {isa = PBXBuildFile; fileRef = FA1709E52A02E8AD00E1B1ED /* MovieListTests.swift */; };
		FA1709F02A02E8AE00E1B1ED /* MovieListUITests.swift in Sources */ = {isa = PBXBuildFile; fileRef = FA1709EF2A02E8AE00E1B1ED /* MovieListUITests.swift */; };
		FA1709F22A02E8AE00E1B1ED /* MovieListUITestsLaunchTests.swift in Sources */ = {isa = PBXBuildFile; fileRef = FA1709F12A02E8AE00E1B1ED /* MovieListUITestsLaunchTests.swift */; };
		FA170A002A0307A400E1B1ED /* MainScreenBuilder.swift in Sources */ = {isa = PBXBuildFile; fileRef = FA1709FF2A0307A400E1B1ED /* MainScreenBuilder.swift */; };
		FA170A012A0307A400E1B1ED /* MainScreenBuilder.swift in Sources */ = {isa = PBXBuildFile; fileRef = FA1709FF2A0307A400E1B1ED /* MainScreenBuilder.swift */; };
		FA170A032A0307DA00E1B1ED /* MainScreenViewController.swift in Sources */ = {isa = PBXBuildFile; fileRef = FA170A022A0307DA00E1B1ED /* MainScreenViewController.swift */; };
		FA170A042A0307DA00E1B1ED /* MainScreenViewController.swift in Sources */ = {isa = PBXBuildFile; fileRef = FA170A022A0307DA00E1B1ED /* MainScreenViewController.swift */; };
		FA170A062A03080A00E1B1ED /* MainInteractor.swift in Sources */ = {isa = PBXBuildFile; fileRef = FA170A052A03080A00E1B1ED /* MainInteractor.swift */; };
		FA170A072A03080A00E1B1ED /* MainInteractor.swift in Sources */ = {isa = PBXBuildFile; fileRef = FA170A052A03080A00E1B1ED /* MainInteractor.swift */; };
		FA170A092A03081B00E1B1ED /* MainPresenter.swift in Sources */ = {isa = PBXBuildFile; fileRef = FA170A082A03081B00E1B1ED /* MainPresenter.swift */; };
		FA170A0A2A03081B00E1B1ED /* MainPresenter.swift in Sources */ = {isa = PBXBuildFile; fileRef = FA170A082A03081B00E1B1ED /* MainPresenter.swift */; };
		FA170A0C2A03082C00E1B1ED /* MainRouter.swift in Sources */ = {isa = PBXBuildFile; fileRef = FA170A0B2A03082C00E1B1ED /* MainRouter.swift */; };
		FA170A0D2A03082C00E1B1ED /* MainRouter.swift in Sources */ = {isa = PBXBuildFile; fileRef = FA170A0B2A03082C00E1B1ED /* MainRouter.swift */; };
		FA170A0F2A030B7000E1B1ED /* Model.swift in Sources */ = {isa = PBXBuildFile; fileRef = FA170A0E2A030B7000E1B1ED /* Model.swift */; };
		FA170A102A030B7000E1B1ED /* Model.swift in Sources */ = {isa = PBXBuildFile; fileRef = FA170A0E2A030B7000E1B1ED /* Model.swift */; };
		FA170A122A030F2900E1B1ED /* NetworkingService.swift in Sources */ = {isa = PBXBuildFile; fileRef = FA170A112A030F2900E1B1ED /* NetworkingService.swift */; };
		FA170A132A030F2900E1B1ED /* NetworkingService.swift in Sources */ = {isa = PBXBuildFile; fileRef = FA170A112A030F2900E1B1ED /* NetworkingService.swift */; };
		FA170A152A03131100E1B1ED /* MainScreenTableViewCell.swift in Sources */ = {isa = PBXBuildFile; fileRef = FA170A142A03131100E1B1ED /* MainScreenTableViewCell.swift */; };
		FA170A162A03131100E1B1ED /* MainScreenTableViewCell.swift in Sources */ = {isa = PBXBuildFile; fileRef = FA170A142A03131100E1B1ED /* MainScreenTableViewCell.swift */; };
		FA170A252A059FAC00E1B1ED /* FavoritesRepository.swift in Sources */ = {isa = PBXBuildFile; fileRef = FA170A242A059FAC00E1B1ED /* FavoritesRepository.swift */; };
		FA170A262A059FAC00E1B1ED /* FavoritesRepository.swift in Sources */ = {isa = PBXBuildFile; fileRef = FA170A242A059FAC00E1B1ED /* FavoritesRepository.swift */; };
		FA3FA44E2AA7D11700135863 /* MovieListFramework.framework in Frameworks */ = {isa = PBXBuildFile; fileRef = FA3FA4462AA7D11600135863 /* MovieListFramework.framework */; };
		FA3FA4542AA7D11700135863 /* MovieListFramework.h in Headers */ = {isa = PBXBuildFile; fileRef = FA3FA4482AA7D11600135863 /* MovieListFramework.h */; settings = {ATTRIBUTES = (Public, ); }; };
		FA3FA45C2AA7D1FD00135863 /* MovieItem.swift in Sources */ = {isa = PBXBuildFile; fileRef = FA3FA45B2AA7D1FD00135863 /* MovieItem.swift */; };
		FA3FA45E2AA7E70E00135863 /* MediaLoader.swift in Sources */ = {isa = PBXBuildFile; fileRef = FA3FA45D2AA7E70E00135863 /* MediaLoader.swift */; };
		FA3FA4612AA8029100135863 /* RemoteMediaLoaderTests.swift in Sources */ = {isa = PBXBuildFile; fileRef = FA3FA4602AA8029100135863 /* RemoteMediaLoaderTests.swift */; };
		FA3FA4642AA8FD8C00135863 /* RemoteMediaLoader.swift in Sources */ = {isa = PBXBuildFile; fileRef = FA3FA4632AA8FD8C00135863 /* RemoteMediaLoader.swift */; };
		FA4E00D12A201192002798A8 /* Movie.swift in Sources */ = {isa = PBXBuildFile; fileRef = FA4E00D02A201192002798A8 /* Movie.swift */; };
		FA4E00D22A201192002798A8 /* Movie.swift in Sources */ = {isa = PBXBuildFile; fileRef = FA4E00D02A201192002798A8 /* Movie.swift */; };
		FA4E00D42A2011D5002798A8 /* TVShow.swift in Sources */ = {isa = PBXBuildFile; fileRef = FA4E00D32A2011D4002798A8 /* TVShow.swift */; };
		FA4E00D52A2011D5002798A8 /* TVShow.swift in Sources */ = {isa = PBXBuildFile; fileRef = FA4E00D32A2011D4002798A8 /* TVShow.swift */; };
		FA4F9B2A2A250064007CC544 /* UIColor+Extension.swift in Sources */ = {isa = PBXBuildFile; fileRef = FA4F9B292A250063007CC544 /* UIColor+Extension.swift */; };
		FA4F9B2B2A250064007CC544 /* UIColor+Extension.swift in Sources */ = {isa = PBXBuildFile; fileRef = FA4F9B292A250063007CC544 /* UIColor+Extension.swift */; };
		FA5ADCC62AABC31B0068C134 /* HTTPClient.swift in Sources */ = {isa = PBXBuildFile; fileRef = FA5ADCC52AABC31B0068C134 /* HTTPClient.swift */; };
		FA5ADCC82AABC37A0068C134 /* MediaItemsMapper.swift in Sources */ = {isa = PBXBuildFile; fileRef = FA5ADCC72AABC37A0068C134 /* MediaItemsMapper.swift */; };
		FA8F24442A1DA4A80096A69E /* Networking+Helpers.swift in Sources */ = {isa = PBXBuildFile; fileRef = FA8F24432A1DA4A80096A69E /* Networking+Helpers.swift */; };
		FA8F95312AAF93B400372BCF /* XCTestCase+MemoryLeakTracking.swift in Sources */ = {isa = PBXBuildFile; fileRef = FA8F95302AAF93B400372BCF /* XCTestCase+MemoryLeakTracking.swift */; };
		FA97B9EA2AACFB2A00FB52D5 /* URLSessionHTTPClientTests.swift in Sources */ = {isa = PBXBuildFile; fileRef = FA97B9E92AACFB2A00FB52D5 /* URLSessionHTTPClientTests.swift */; };
		FAB2DFE82A1C1747006EC398 /* MLAlertView.swift in Sources */ = {isa = PBXBuildFile; fileRef = FAB2DFE72A1C1747006EC398 /* MLAlertView.swift */; };
		FAB2DFE92A1C1747006EC398 /* MLAlertView.swift in Sources */ = {isa = PBXBuildFile; fileRef = FAB2DFE72A1C1747006EC398 /* MLAlertView.swift */; };
		FAB2DFEB2A1C175F006EC398 /* MLAlertContainerView.swift in Sources */ = {isa = PBXBuildFile; fileRef = FAB2DFEA2A1C175F006EC398 /* MLAlertContainerView.swift */; };
		FAB2DFEC2A1C175F006EC398 /* MLAlertContainerView.swift in Sources */ = {isa = PBXBuildFile; fileRef = FAB2DFEA2A1C175F006EC398 /* MLAlertContainerView.swift */; };
		FAB2DFEE2A1C1792006EC398 /* MLTitleLabel.swift in Sources */ = {isa = PBXBuildFile; fileRef = FAB2DFED2A1C1792006EC398 /* MLTitleLabel.swift */; };
		FAB2DFEF2A1C1792006EC398 /* MLTitleLabel.swift in Sources */ = {isa = PBXBuildFile; fileRef = FAB2DFED2A1C1792006EC398 /* MLTitleLabel.swift */; };
		FAB2DFF12A1C17A8006EC398 /* MLBodyLabel.swift in Sources */ = {isa = PBXBuildFile; fileRef = FAB2DFF02A1C17A8006EC398 /* MLBodyLabel.swift */; };
		FAB2DFF22A1C17A8006EC398 /* MLBodyLabel.swift in Sources */ = {isa = PBXBuildFile; fileRef = FAB2DFF02A1C17A8006EC398 /* MLBodyLabel.swift */; };
		FAB2DFF42A1C17B9006EC398 /* MLButton.swift in Sources */ = {isa = PBXBuildFile; fileRef = FAB2DFF32A1C17B9006EC398 /* MLButton.swift */; };
		FAB2DFF52A1C17B9006EC398 /* MLButton.swift in Sources */ = {isa = PBXBuildFile; fileRef = FAB2DFF32A1C17B9006EC398 /* MLButton.swift */; };
		FAB2DFF72A1C18C1006EC398 /* ImageCache.swift in Sources */ = {isa = PBXBuildFile; fileRef = FAB2DFF62A1C18C1006EC398 /* ImageCache.swift */; };
		FAB2DFF82A1C18C1006EC398 /* ImageCache.swift in Sources */ = {isa = PBXBuildFile; fileRef = FAB2DFF62A1C18C1006EC398 /* ImageCache.swift */; };
		FAB2E0002A1C1A14006EC398 /* MainScreenDiffableDataSource.swift in Sources */ = {isa = PBXBuildFile; fileRef = FAB2DFFF2A1C1A14006EC398 /* MainScreenDiffableDataSource.swift */; };
		FAB2E0012A1C1A14006EC398 /* MainScreenDiffableDataSource.swift in Sources */ = {isa = PBXBuildFile; fileRef = FAB2DFFF2A1C1A14006EC398 /* MainScreenDiffableDataSource.swift */; };
		FAB2E0032A1C1DD1006EC398 /* Double+Extension.swift in Sources */ = {isa = PBXBuildFile; fileRef = FAB2E0022A1C1DD1006EC398 /* Double+Extension.swift */; };
		FAB2E0042A1C1DD1006EC398 /* Double+Extension.swift in Sources */ = {isa = PBXBuildFile; fileRef = FAB2E0022A1C1DD1006EC398 /* Double+Extension.swift */; };
		FAB2E0062A1C1F1C006EC398 /* UIImageView+Extension.swift in Sources */ = {isa = PBXBuildFile; fileRef = FAB2E0052A1C1F1C006EC398 /* UIImageView+Extension.swift */; };
		FAB2E0072A1C1F1C006EC398 /* UIImageView+Extension.swift in Sources */ = {isa = PBXBuildFile; fileRef = FAB2E0052A1C1F1C006EC398 /* UIImageView+Extension.swift */; };
		FAB2E0092A1C1F4A006EC398 /* UICollectionView+Extension.swift in Sources */ = {isa = PBXBuildFile; fileRef = FAB2E0082A1C1F4A006EC398 /* UICollectionView+Extension.swift */; };
		FAB2E00A2A1C1F4A006EC398 /* UICollectionView+Extension.swift in Sources */ = {isa = PBXBuildFile; fileRef = FAB2E0082A1C1F4A006EC398 /* UICollectionView+Extension.swift */; };
		FAB2E00C2A1C1F6D006EC398 /* UIViewController+Extension.swift in Sources */ = {isa = PBXBuildFile; fileRef = FAB2E00B2A1C1F6D006EC398 /* UIViewController+Extension.swift */; };
		FAB2E00D2A1C1F6D006EC398 /* UIViewController+Extension.swift in Sources */ = {isa = PBXBuildFile; fileRef = FAB2E00B2A1C1F6D006EC398 /* UIViewController+Extension.swift */; };
		FAB2E00F2A1C1F9E006EC398 /* UIImage+Extension.swift in Sources */ = {isa = PBXBuildFile; fileRef = FAB2E00E2A1C1F9E006EC398 /* UIImage+Extension.swift */; };
		FAB2E0102A1C1F9E006EC398 /* UIImage+Extension.swift in Sources */ = {isa = PBXBuildFile; fileRef = FAB2E00E2A1C1F9E006EC398 /* UIImage+Extension.swift */; };
		FAB2E0122A1C2013006EC398 /* UIView+Extension.swift in Sources */ = {isa = PBXBuildFile; fileRef = FAB2E0112A1C2013006EC398 /* UIView+Extension.swift */; };
		FAB2E0132A1C2013006EC398 /* UIView+Extension.swift in Sources */ = {isa = PBXBuildFile; fileRef = FAB2E0112A1C2013006EC398 /* UIView+Extension.swift */; };
		FAB2E0152A1C292D006EC398 /* UITableViewCell+Extension.swift in Sources */ = {isa = PBXBuildFile; fileRef = FAB2E0142A1C292D006EC398 /* UITableViewCell+Extension.swift */; };
		FAB2E0162A1C292D006EC398 /* UITableViewCell+Extension.swift in Sources */ = {isa = PBXBuildFile; fileRef = FAB2E0142A1C292D006EC398 /* UITableViewCell+Extension.swift */; };
		FAB7F1852A12FEA40015C55D /* MediaDetailBuilder.swift in Sources */ = {isa = PBXBuildFile; fileRef = FAB7F1842A12FEA40015C55D /* MediaDetailBuilder.swift */; };
		FAB7F1862A12FEA40015C55D /* MediaDetailBuilder.swift in Sources */ = {isa = PBXBuildFile; fileRef = FAB7F1842A12FEA40015C55D /* MediaDetailBuilder.swift */; };
		FAB7F1882A12FEAD0015C55D /* MediaDetailViewController.swift in Sources */ = {isa = PBXBuildFile; fileRef = FAB7F1872A12FEAD0015C55D /* MediaDetailViewController.swift */; };
		FAB7F1892A12FEAD0015C55D /* MediaDetailViewController.swift in Sources */ = {isa = PBXBuildFile; fileRef = FAB7F1872A12FEAD0015C55D /* MediaDetailViewController.swift */; };
		FAB7F18B2A12FEB60015C55D /* MediaDetailPresenter.swift in Sources */ = {isa = PBXBuildFile; fileRef = FAB7F18A2A12FEB60015C55D /* MediaDetailPresenter.swift */; };
		FAB7F18C2A12FEB60015C55D /* MediaDetailPresenter.swift in Sources */ = {isa = PBXBuildFile; fileRef = FAB7F18A2A12FEB60015C55D /* MediaDetailPresenter.swift */; };
		FAB7F18E2A12FEBD0015C55D /* MediaDetailInteractor.swift in Sources */ = {isa = PBXBuildFile; fileRef = FAB7F18D2A12FEBD0015C55D /* MediaDetailInteractor.swift */; };
		FAB7F18F2A12FEBD0015C55D /* MediaDetailInteractor.swift in Sources */ = {isa = PBXBuildFile; fileRef = FAB7F18D2A12FEBD0015C55D /* MediaDetailInteractor.swift */; };
		FAB7F1912A12FEC40015C55D /* MediaDetailRouter.swift in Sources */ = {isa = PBXBuildFile; fileRef = FAB7F1902A12FEC40015C55D /* MediaDetailRouter.swift */; };
		FAB7F1922A12FEC40015C55D /* MediaDetailRouter.swift in Sources */ = {isa = PBXBuildFile; fileRef = FAB7F1902A12FEC40015C55D /* MediaDetailRouter.swift */; };
		FAB7F1A42A141FBA0015C55D /* CarouselCell.swift in Sources */ = {isa = PBXBuildFile; fileRef = FAB7F1A32A141FBA0015C55D /* CarouselCell.swift */; };
		FAB7F1A52A141FBA0015C55D /* CarouselCell.swift in Sources */ = {isa = PBXBuildFile; fileRef = FAB7F1A32A141FBA0015C55D /* CarouselCell.swift */; };
		FAB7F1AA2A1551D30015C55D /* Carousel.swift in Sources */ = {isa = PBXBuildFile; fileRef = FAB7F1A92A1551D20015C55D /* Carousel.swift */; };
		FAB7F1AB2A1551D30015C55D /* Carousel.swift in Sources */ = {isa = PBXBuildFile; fileRef = FAB7F1A92A1551D20015C55D /* Carousel.swift */; };
		FAB7F1AD2A1562A70015C55D /* DispatchQueue+Extension.swift in Sources */ = {isa = PBXBuildFile; fileRef = FAB7F1AC2A1562A70015C55D /* DispatchQueue+Extension.swift */; };
		FAB7F1AE2A1562A70015C55D /* DispatchQueue+Extension.swift in Sources */ = {isa = PBXBuildFile; fileRef = FAB7F1AC2A1562A70015C55D /* DispatchQueue+Extension.swift */; };
		FAB7F1B12A1566460015C55D /* MediaInfoView.swift in Sources */ = {isa = PBXBuildFile; fileRef = FAB7F1B02A1566460015C55D /* MediaInfoView.swift */; };
		FAB7F1B22A1566460015C55D /* MediaInfoView.swift in Sources */ = {isa = PBXBuildFile; fileRef = FAB7F1B02A1566460015C55D /* MediaInfoView.swift */; };
		FADCBCFA2A1FE71400A74D85 /* UIKitPreview.swift in Sources */ = {isa = PBXBuildFile; fileRef = FADCBCF92A1FE71400A74D85 /* UIKitPreview.swift */; };
		FADCBCFC2A1FFF2A00A74D85 /* String+Extension.swift in Sources */ = {isa = PBXBuildFile; fileRef = FADCBCFB2A1FFF2A00A74D85 /* String+Extension.swift */; };
		FADCBCFD2A1FFF2A00A74D85 /* String+Extension.swift in Sources */ = {isa = PBXBuildFile; fileRef = FADCBCFB2A1FFF2A00A74D85 /* String+Extension.swift */; };
		FAF8AF862A1D368D0086B926 /* FavoritesPresenter.swift in Sources */ = {isa = PBXBuildFile; fileRef = FAB2E01E2A1D2920006EC398 /* FavoritesPresenter.swift */; };
		FAF8AF872A1D36960086B926 /* FavoritesBuilder.swift in Sources */ = {isa = PBXBuildFile; fileRef = FAB2E0182A1D2114006EC398 /* FavoritesBuilder.swift */; };
		FAF8AF882A1D36960086B926 /* FavoritesBuilder.swift in Sources */ = {isa = PBXBuildFile; fileRef = FAB2E0182A1D2114006EC398 /* FavoritesBuilder.swift */; };
		FAF8AF892A1D369C0086B926 /* FavoritesPresenter.swift in Sources */ = {isa = PBXBuildFile; fileRef = FAB2E01E2A1D2920006EC398 /* FavoritesPresenter.swift */; };
		FAF8AF8A2A1D369E0086B926 /* FavoritesInteractor.swift in Sources */ = {isa = PBXBuildFile; fileRef = FAB2E01B2A1D2531006EC398 /* FavoritesInteractor.swift */; };
		FAF8AF8B2A1D369F0086B926 /* FavoritesInteractor.swift in Sources */ = {isa = PBXBuildFile; fileRef = FAB2E01B2A1D2531006EC398 /* FavoritesInteractor.swift */; };
		FAFAEF482AAFB7800054B653 /* URLSessionHTTPClient.swift in Sources */ = {isa = PBXBuildFile; fileRef = FAFAEF472AAFB7800054B653 /* URLSessionHTTPClient.swift */; };
/* End PBXBuildFile section */

/* Begin PBXContainerItemProxy section */
		FA1709E22A02E8AD00E1B1ED /* PBXContainerItemProxy */ = {
			isa = PBXContainerItemProxy;
			containerPortal = FA1709C32A02E8A700E1B1ED /* Project object */;
			proxyType = 1;
			remoteGlobalIDString = FA1709CA2A02E8A700E1B1ED;
			remoteInfo = MovieList;
		};
		FA1709EC2A02E8AE00E1B1ED /* PBXContainerItemProxy */ = {
			isa = PBXContainerItemProxy;
			containerPortal = FA1709C32A02E8A700E1B1ED /* Project object */;
			proxyType = 1;
			remoteGlobalIDString = FA1709CA2A02E8A700E1B1ED;
			remoteInfo = MovieList;
		};
		FA3FA44F2AA7D11700135863 /* PBXContainerItemProxy */ = {
			isa = PBXContainerItemProxy;
			containerPortal = FA1709C32A02E8A700E1B1ED /* Project object */;
			proxyType = 1;
			remoteGlobalIDString = FA3FA4452AA7D11600135863;
			remoteInfo = MovieListFramework;
		};
/* End PBXContainerItemProxy section */

/* Begin PBXFileReference section */
		FA1709CB2A02E8A700E1B1ED /* MovieList.app */ = {isa = PBXFileReference; explicitFileType = wrapper.application; includeInIndex = 0; path = MovieList.app; sourceTree = BUILT_PRODUCTS_DIR; };
		FA1709CE2A02E8A700E1B1ED /* AppDelegate.swift */ = {isa = PBXFileReference; lastKnownFileType = sourcecode.swift; path = AppDelegate.swift; sourceTree = "<group>"; };
		FA1709D02A02E8A700E1B1ED /* SceneDelegate.swift */ = {isa = PBXFileReference; lastKnownFileType = sourcecode.swift; path = SceneDelegate.swift; sourceTree = "<group>"; };
		FA1709D72A02E8AD00E1B1ED /* Assets.xcassets */ = {isa = PBXFileReference; lastKnownFileType = folder.assetcatalog; path = Assets.xcassets; sourceTree = "<group>"; };
		FA1709DA2A02E8AD00E1B1ED /* Base */ = {isa = PBXFileReference; lastKnownFileType = file.storyboard; name = Base; path = Base.lproj/LaunchScreen.storyboard; sourceTree = "<group>"; };
		FA1709DC2A02E8AD00E1B1ED /* Info.plist */ = {isa = PBXFileReference; lastKnownFileType = text.plist.xml; path = Info.plist; sourceTree = "<group>"; };
		FA1709E12A02E8AD00E1B1ED /* MovieListTests.xctest */ = {isa = PBXFileReference; explicitFileType = wrapper.cfbundle; includeInIndex = 0; path = MovieListTests.xctest; sourceTree = BUILT_PRODUCTS_DIR; };
		FA1709E52A02E8AD00E1B1ED /* MovieListTests.swift */ = {isa = PBXFileReference; lastKnownFileType = sourcecode.swift; path = MovieListTests.swift; sourceTree = "<group>"; };
		FA1709EB2A02E8AE00E1B1ED /* MovieListUITests.xctest */ = {isa = PBXFileReference; explicitFileType = wrapper.cfbundle; includeInIndex = 0; path = MovieListUITests.xctest; sourceTree = BUILT_PRODUCTS_DIR; };
		FA1709EF2A02E8AE00E1B1ED /* MovieListUITests.swift */ = {isa = PBXFileReference; lastKnownFileType = sourcecode.swift; path = MovieListUITests.swift; sourceTree = "<group>"; };
		FA1709F12A02E8AE00E1B1ED /* MovieListUITestsLaunchTests.swift */ = {isa = PBXFileReference; lastKnownFileType = sourcecode.swift; path = MovieListUITestsLaunchTests.swift; sourceTree = "<group>"; };
		FA1709FF2A0307A400E1B1ED /* MainScreenBuilder.swift */ = {isa = PBXFileReference; lastKnownFileType = sourcecode.swift; path = MainScreenBuilder.swift; sourceTree = "<group>"; };
		FA170A022A0307DA00E1B1ED /* MainScreenViewController.swift */ = {isa = PBXFileReference; lastKnownFileType = sourcecode.swift; path = MainScreenViewController.swift; sourceTree = "<group>"; };
		FA170A052A03080A00E1B1ED /* MainInteractor.swift */ = {isa = PBXFileReference; lastKnownFileType = sourcecode.swift; path = MainInteractor.swift; sourceTree = "<group>"; };
		FA170A082A03081B00E1B1ED /* MainPresenter.swift */ = {isa = PBXFileReference; lastKnownFileType = sourcecode.swift; path = MainPresenter.swift; sourceTree = "<group>"; };
		FA170A0B2A03082C00E1B1ED /* MainRouter.swift */ = {isa = PBXFileReference; lastKnownFileType = sourcecode.swift; path = MainRouter.swift; sourceTree = "<group>"; };
		FA170A0E2A030B7000E1B1ED /* Model.swift */ = {isa = PBXFileReference; lastKnownFileType = sourcecode.swift; path = Model.swift; sourceTree = "<group>"; };
		FA170A112A030F2900E1B1ED /* NetworkingService.swift */ = {isa = PBXFileReference; lastKnownFileType = sourcecode.swift; path = NetworkingService.swift; sourceTree = "<group>"; };
		FA170A142A03131100E1B1ED /* MainScreenTableViewCell.swift */ = {isa = PBXFileReference; lastKnownFileType = sourcecode.swift; path = MainScreenTableViewCell.swift; sourceTree = "<group>"; };
		FA170A242A059FAC00E1B1ED /* FavoritesRepository.swift */ = {isa = PBXFileReference; lastKnownFileType = sourcecode.swift; path = FavoritesRepository.swift; sourceTree = "<group>"; };
		FA3FA4462AA7D11600135863 /* MovieListFramework.framework */ = {isa = PBXFileReference; explicitFileType = wrapper.framework; includeInIndex = 0; path = MovieListFramework.framework; sourceTree = BUILT_PRODUCTS_DIR; };
		FA3FA4482AA7D11600135863 /* MovieListFramework.h */ = {isa = PBXFileReference; lastKnownFileType = sourcecode.c.h; path = MovieListFramework.h; sourceTree = "<group>"; };
		FA3FA44D2AA7D11700135863 /* MovieListFrameworkTests.xctest */ = {isa = PBXFileReference; explicitFileType = wrapper.cfbundle; includeInIndex = 0; path = MovieListFrameworkTests.xctest; sourceTree = BUILT_PRODUCTS_DIR; };
		FA3FA45B2AA7D1FD00135863 /* MovieItem.swift */ = {isa = PBXFileReference; lastKnownFileType = sourcecode.swift; path = MovieItem.swift; sourceTree = "<group>"; };
		FA3FA45D2AA7E70E00135863 /* MediaLoader.swift */ = {isa = PBXFileReference; lastKnownFileType = sourcecode.swift; path = MediaLoader.swift; sourceTree = "<group>"; };
		FA3FA4602AA8029100135863 /* RemoteMediaLoaderTests.swift */ = {isa = PBXFileReference; lastKnownFileType = sourcecode.swift; path = RemoteMediaLoaderTests.swift; sourceTree = "<group>"; };
		FA3FA4632AA8FD8C00135863 /* RemoteMediaLoader.swift */ = {isa = PBXFileReference; lastKnownFileType = sourcecode.swift; path = RemoteMediaLoader.swift; sourceTree = "<group>"; };
		FA4E00D02A201192002798A8 /* Movie.swift */ = {isa = PBXFileReference; lastKnownFileType = sourcecode.swift; path = Movie.swift; sourceTree = "<group>"; };
		FA4E00D32A2011D4002798A8 /* TVShow.swift */ = {isa = PBXFileReference; lastKnownFileType = sourcecode.swift; path = TVShow.swift; sourceTree = "<group>"; };
		FA4F9B292A250063007CC544 /* UIColor+Extension.swift */ = {isa = PBXFileReference; lastKnownFileType = sourcecode.swift; path = "UIColor+Extension.swift"; sourceTree = "<group>"; };
		FA5ADCC52AABC31B0068C134 /* HTTPClient.swift */ = {isa = PBXFileReference; lastKnownFileType = sourcecode.swift; path = HTTPClient.swift; sourceTree = "<group>"; };
		FA5ADCC72AABC37A0068C134 /* MediaItemsMapper.swift */ = {isa = PBXFileReference; lastKnownFileType = sourcecode.swift; path = MediaItemsMapper.swift; sourceTree = "<group>"; };
		FA8F24432A1DA4A80096A69E /* Networking+Helpers.swift */ = {isa = PBXFileReference; lastKnownFileType = sourcecode.swift; path = "Networking+Helpers.swift"; sourceTree = "<group>"; };
		FA8F95302AAF93B400372BCF /* XCTestCase+MemoryLeakTracking.swift */ = {isa = PBXFileReference; lastKnownFileType = sourcecode.swift; path = "XCTestCase+MemoryLeakTracking.swift"; sourceTree = "<group>"; };
		FA97B9E92AACFB2A00FB52D5 /* URLSessionHTTPClientTests.swift */ = {isa = PBXFileReference; lastKnownFileType = sourcecode.swift; path = URLSessionHTTPClientTests.swift; sourceTree = "<group>"; };
		FAB2DFE72A1C1747006EC398 /* MLAlertView.swift */ = {isa = PBXFileReference; lastKnownFileType = sourcecode.swift; path = MLAlertView.swift; sourceTree = "<group>"; };
		FAB2DFEA2A1C175F006EC398 /* MLAlertContainerView.swift */ = {isa = PBXFileReference; lastKnownFileType = sourcecode.swift; path = MLAlertContainerView.swift; sourceTree = "<group>"; };
		FAB2DFED2A1C1792006EC398 /* MLTitleLabel.swift */ = {isa = PBXFileReference; lastKnownFileType = sourcecode.swift; path = MLTitleLabel.swift; sourceTree = "<group>"; };
		FAB2DFF02A1C17A8006EC398 /* MLBodyLabel.swift */ = {isa = PBXFileReference; lastKnownFileType = sourcecode.swift; path = MLBodyLabel.swift; sourceTree = "<group>"; };
		FAB2DFF32A1C17B9006EC398 /* MLButton.swift */ = {isa = PBXFileReference; lastKnownFileType = sourcecode.swift; path = MLButton.swift; sourceTree = "<group>"; };
		FAB2DFF62A1C18C1006EC398 /* ImageCache.swift */ = {isa = PBXFileReference; lastKnownFileType = sourcecode.swift; path = ImageCache.swift; sourceTree = "<group>"; };
		FAB2DFFF2A1C1A14006EC398 /* MainScreenDiffableDataSource.swift */ = {isa = PBXFileReference; lastKnownFileType = sourcecode.swift; path = MainScreenDiffableDataSource.swift; sourceTree = "<group>"; };
		FAB2E0022A1C1DD1006EC398 /* Double+Extension.swift */ = {isa = PBXFileReference; lastKnownFileType = sourcecode.swift; path = "Double+Extension.swift"; sourceTree = "<group>"; };
		FAB2E0052A1C1F1C006EC398 /* UIImageView+Extension.swift */ = {isa = PBXFileReference; lastKnownFileType = sourcecode.swift; path = "UIImageView+Extension.swift"; sourceTree = "<group>"; };
		FAB2E0082A1C1F4A006EC398 /* UICollectionView+Extension.swift */ = {isa = PBXFileReference; lastKnownFileType = sourcecode.swift; path = "UICollectionView+Extension.swift"; sourceTree = "<group>"; };
		FAB2E00B2A1C1F6D006EC398 /* UIViewController+Extension.swift */ = {isa = PBXFileReference; lastKnownFileType = sourcecode.swift; path = "UIViewController+Extension.swift"; sourceTree = "<group>"; };
		FAB2E00E2A1C1F9E006EC398 /* UIImage+Extension.swift */ = {isa = PBXFileReference; lastKnownFileType = sourcecode.swift; path = "UIImage+Extension.swift"; sourceTree = "<group>"; };
		FAB2E0112A1C2013006EC398 /* UIView+Extension.swift */ = {isa = PBXFileReference; lastKnownFileType = sourcecode.swift; path = "UIView+Extension.swift"; sourceTree = "<group>"; };
		FAB2E0142A1C292D006EC398 /* UITableViewCell+Extension.swift */ = {isa = PBXFileReference; lastKnownFileType = sourcecode.swift; path = "UITableViewCell+Extension.swift"; sourceTree = "<group>"; };
		FAB2E0182A1D2114006EC398 /* FavoritesBuilder.swift */ = {isa = PBXFileReference; lastKnownFileType = sourcecode.swift; path = FavoritesBuilder.swift; sourceTree = "<group>"; };
		FAB2E01B2A1D2531006EC398 /* FavoritesInteractor.swift */ = {isa = PBXFileReference; lastKnownFileType = sourcecode.swift; path = FavoritesInteractor.swift; sourceTree = "<group>"; };
		FAB2E01E2A1D2920006EC398 /* FavoritesPresenter.swift */ = {isa = PBXFileReference; lastKnownFileType = sourcecode.swift; path = FavoritesPresenter.swift; sourceTree = "<group>"; };
		FAB7F1842A12FEA40015C55D /* MediaDetailBuilder.swift */ = {isa = PBXFileReference; lastKnownFileType = sourcecode.swift; path = MediaDetailBuilder.swift; sourceTree = "<group>"; };
		FAB7F1872A12FEAD0015C55D /* MediaDetailViewController.swift */ = {isa = PBXFileReference; lastKnownFileType = sourcecode.swift; path = MediaDetailViewController.swift; sourceTree = "<group>"; };
		FAB7F18A2A12FEB60015C55D /* MediaDetailPresenter.swift */ = {isa = PBXFileReference; lastKnownFileType = sourcecode.swift; path = MediaDetailPresenter.swift; sourceTree = "<group>"; };
		FAB7F18D2A12FEBD0015C55D /* MediaDetailInteractor.swift */ = {isa = PBXFileReference; lastKnownFileType = sourcecode.swift; path = MediaDetailInteractor.swift; sourceTree = "<group>"; };
		FAB7F1902A12FEC40015C55D /* MediaDetailRouter.swift */ = {isa = PBXFileReference; lastKnownFileType = sourcecode.swift; path = MediaDetailRouter.swift; sourceTree = "<group>"; };
		FAB7F1A32A141FBA0015C55D /* CarouselCell.swift */ = {isa = PBXFileReference; lastKnownFileType = sourcecode.swift; path = CarouselCell.swift; sourceTree = "<group>"; };
		FAB7F1A92A1551D20015C55D /* Carousel.swift */ = {isa = PBXFileReference; lastKnownFileType = sourcecode.swift; path = Carousel.swift; sourceTree = "<group>"; };
		FAB7F1AC2A1562A70015C55D /* DispatchQueue+Extension.swift */ = {isa = PBXFileReference; lastKnownFileType = sourcecode.swift; path = "DispatchQueue+Extension.swift"; sourceTree = "<group>"; };
		FAB7F1B02A1566460015C55D /* MediaInfoView.swift */ = {isa = PBXFileReference; lastKnownFileType = sourcecode.swift; path = MediaInfoView.swift; sourceTree = "<group>"; };
		FADCBCF92A1FE71400A74D85 /* UIKitPreview.swift */ = {isa = PBXFileReference; lastKnownFileType = sourcecode.swift; path = UIKitPreview.swift; sourceTree = "<group>"; };
		FADCBCFB2A1FFF2A00A74D85 /* String+Extension.swift */ = {isa = PBXFileReference; lastKnownFileType = sourcecode.swift; path = "String+Extension.swift"; sourceTree = "<group>"; };
		FAFAEF472AAFB7800054B653 /* URLSessionHTTPClient.swift */ = {isa = PBXFileReference; lastKnownFileType = sourcecode.swift; path = URLSessionHTTPClient.swift; sourceTree = "<group>"; };
		FAFAEF492AAFDAB10054B653 /* MovieListFramework.xctestplan */ = {isa = PBXFileReference; lastKnownFileType = text; path = MovieListFramework.xctestplan; sourceTree = "<group>"; };
/* End PBXFileReference section */

/* Begin PBXFrameworksBuildPhase section */
		FA1709C82A02E8A700E1B1ED /* Frameworks */ = {
			isa = PBXFrameworksBuildPhase;
			buildActionMask = 2147483647;
			files = (
			);
			runOnlyForDeploymentPostprocessing = 0;
		};
		FA1709DE2A02E8AD00E1B1ED /* Frameworks */ = {
			isa = PBXFrameworksBuildPhase;
			buildActionMask = 2147483647;
			files = (
			);
			runOnlyForDeploymentPostprocessing = 0;
		};
		FA1709E82A02E8AE00E1B1ED /* Frameworks */ = {
			isa = PBXFrameworksBuildPhase;
			buildActionMask = 2147483647;
			files = (
			);
			runOnlyForDeploymentPostprocessing = 0;
		};
		FA3FA4432AA7D11600135863 /* Frameworks */ = {
			isa = PBXFrameworksBuildPhase;
			buildActionMask = 2147483647;
			files = (
			);
			runOnlyForDeploymentPostprocessing = 0;
		};
		FA3FA44A2AA7D11700135863 /* Frameworks */ = {
			isa = PBXFrameworksBuildPhase;
			buildActionMask = 2147483647;
			files = (
				FA3FA44E2AA7D11700135863 /* MovieListFramework.framework in Frameworks */,
			);
			runOnlyForDeploymentPostprocessing = 0;
		};
/* End PBXFrameworksBuildPhase section */

/* Begin PBXGroup section */
		FA1709C22A02E8A700E1B1ED = {
			isa = PBXGroup;
			children = (
				FAFAEF492AAFDAB10054B653 /* MovieListFramework.xctestplan */,
				FA1709CD2A02E8A700E1B1ED /* MovieList */,
				FA1709E42A02E8AD00E1B1ED /* MovieListTests */,
				FA1709EE2A02E8AE00E1B1ED /* MovieListUITests */,
				FA3FA4472AA7D11600135863 /* MovieListFramework */,
				FA3FA4512AA7D11700135863 /* MovieListFrameworkTests */,
				FA1709CC2A02E8A700E1B1ED /* Products */,
			);
			sourceTree = "<group>";
		};
		FA1709CC2A02E8A700E1B1ED /* Products */ = {
			isa = PBXGroup;
			children = (
				FA1709CB2A02E8A700E1B1ED /* MovieList.app */,
				FA1709E12A02E8AD00E1B1ED /* MovieListTests.xctest */,
				FA1709EB2A02E8AE00E1B1ED /* MovieListUITests.xctest */,
				FA3FA4462AA7D11600135863 /* MovieListFramework.framework */,
				FA3FA44D2AA7D11700135863 /* MovieListFrameworkTests.xctest */,
			);
			name = Products;
			sourceTree = "<group>";
		};
		FA1709CD2A02E8A700E1B1ED /* MovieList */ = {
			isa = PBXGroup;
			children = (
				FAB2DFFB2A1C1969006EC398 /* Application */,
				FAB2DFFE2A1C19CE006EC398 /* Models */,
				FAB2DFFA2A1C1950006EC398 /* Modules */,
				FAB2DFF92A1C193E006EC398 /* Managers */,
				FAB2DFE62A1C1720006EC398 /* Alerts */,
				FAB2DFFC2A1C197C006EC398 /* Extensions */,
				FA1709D72A02E8AD00E1B1ED /* Assets.xcassets */,
				FA1709D92A02E8AD00E1B1ED /* LaunchScreen.storyboard */,
				FA1709DC2A02E8AD00E1B1ED /* Info.plist */,
			);
			path = MovieList;
			sourceTree = "<group>";
		};
		FA1709E42A02E8AD00E1B1ED /* MovieListTests */ = {
			isa = PBXGroup;
			children = (
				FA1709E52A02E8AD00E1B1ED /* MovieListTests.swift */,
			);
			path = MovieListTests;
			sourceTree = "<group>";
		};
		FA1709EE2A02E8AE00E1B1ED /* MovieListUITests */ = {
			isa = PBXGroup;
			children = (
				FA1709EF2A02E8AE00E1B1ED /* MovieListUITests.swift */,
				FA1709F12A02E8AE00E1B1ED /* MovieListUITestsLaunchTests.swift */,
			);
			path = MovieListUITests;
			sourceTree = "<group>";
		};
		FA1709FE2A03078C00E1B1ED /* MainModule */ = {
			isa = PBXGroup;
			children = (
				FA1709FF2A0307A400E1B1ED /* MainScreenBuilder.swift */,
				FAB2DFFD2A1C19B5006EC398 /* Views */,
				FA170A082A03081B00E1B1ED /* MainPresenter.swift */,
				FA170A052A03080A00E1B1ED /* MainInteractor.swift */,
				FA170A0B2A03082C00E1B1ED /* MainRouter.swift */,
			);
			path = MainModule;
			sourceTree = "<group>";
		};
		FA3FA4472AA7D11600135863 /* MovieListFramework */ = {
			isa = PBXGroup;
			children = (
				FA3FA4482AA7D11600135863 /* MovieListFramework.h */,
				FA3FA4622AA8FD6B00135863 /* Media API */,
				FA3FA45F2AA7E9B000135863 /* MediaFeature */,
			);
			path = MovieListFramework;
			sourceTree = "<group>";
		};
		FA3FA4512AA7D11700135863 /* MovieListFrameworkTests */ = {
			isa = PBXGroup;
			children = (
				FA5ADCC92AABE2300068C134 /* Media API */,
			);
			path = MovieListFrameworkTests;
			sourceTree = "<group>";
		};
		FA3FA45F2AA7E9B000135863 /* MediaFeature */ = {
			isa = PBXGroup;
			children = (
				FA3FA45B2AA7D1FD00135863 /* MovieItem.swift */,
				FA3FA45D2AA7E70E00135863 /* MediaLoader.swift */,
			);
			path = MediaFeature;
			sourceTree = "<group>";
		};
		FA3FA4622AA8FD6B00135863 /* Media API */ = {
			isa = PBXGroup;
			children = (
				FA3FA4632AA8FD8C00135863 /* RemoteMediaLoader.swift */,
				FA5ADCC72AABC37A0068C134 /* MediaItemsMapper.swift */,
				FA5ADCC52AABC31B0068C134 /* HTTPClient.swift */,
				FAFAEF472AAFB7800054B653 /* URLSessionHTTPClient.swift */,
			);
			path = "Media API";
			sourceTree = "<group>";
		};
		FA5ADCC92AABE2300068C134 /* Media API */ = {
			isa = PBXGroup;
			children = (
				FA8F952F2AAF939700372BCF /* Helpers */,
				FA3FA4602AA8029100135863 /* RemoteMediaLoaderTests.swift */,
				FA97B9E92AACFB2A00FB52D5 /* URLSessionHTTPClientTests.swift */,
			);
			path = "Media API";
			sourceTree = "<group>";
		};
		FA8F952F2AAF939700372BCF /* Helpers */ = {
			isa = PBXGroup;
			children = (
				FA8F95302AAF93B400372BCF /* XCTestCase+MemoryLeakTracking.swift */,
			);
			path = Helpers;
			sourceTree = "<group>";
		};
		FAB2DFE62A1C1720006EC398 /* Alerts */ = {
			isa = PBXGroup;
			children = (
				FAE81AA32AA13BC600EDEF62 /* MLModalAlert */,
			);
			path = Alerts;
			sourceTree = "<group>";
		};
		FAB2DFF92A1C193E006EC398 /* Managers */ = {
			isa = PBXGroup;
			children = (
				FAB2DFF62A1C18C1006EC398 /* ImageCache.swift */,
				FA170A242A059FAC00E1B1ED /* FavoritesRepository.swift */,
				FA170A112A030F2900E1B1ED /* NetworkingService.swift */,
				FA8F24432A1DA4A80096A69E /* Networking+Helpers.swift */,
			);
			path = Managers;
			sourceTree = "<group>";
		};
		FAB2DFFA2A1C1950006EC398 /* Modules */ = {
			isa = PBXGroup;
			children = (
				FAB2E0172A1D20D3006EC398 /* FavoritesModule */,
				FA1709FE2A03078C00E1B1ED /* MainModule */,
				FAB7F1832A12FE8C0015C55D /* MediaDetailModule */,
			);
			path = Modules;
			sourceTree = "<group>";
		};
		FAB2DFFB2A1C1969006EC398 /* Application */ = {
			isa = PBXGroup;
			children = (
				FA1709CE2A02E8A700E1B1ED /* AppDelegate.swift */,
				FA1709D02A02E8A700E1B1ED /* SceneDelegate.swift */,
			);
			path = Application;
			sourceTree = "<group>";
		};
		FAB2DFFC2A1C197C006EC398 /* Extensions */ = {
			isa = PBXGroup;
			children = (
				FAB2E0022A1C1DD1006EC398 /* Double+Extension.swift */,
				FAB7F1AC2A1562A70015C55D /* DispatchQueue+Extension.swift */,
				FAB2E0052A1C1F1C006EC398 /* UIImageView+Extension.swift */,
				FAB2E0082A1C1F4A006EC398 /* UICollectionView+Extension.swift */,
				FAB2E00B2A1C1F6D006EC398 /* UIViewController+Extension.swift */,
				FAB2E00E2A1C1F9E006EC398 /* UIImage+Extension.swift */,
				FAB2E0112A1C2013006EC398 /* UIView+Extension.swift */,
				FAB2E0142A1C292D006EC398 /* UITableViewCell+Extension.swift */,
				FADCBCFB2A1FFF2A00A74D85 /* String+Extension.swift */,
				FA4F9B292A250063007CC544 /* UIColor+Extension.swift */,
			);
			path = Extensions;
			sourceTree = "<group>";
		};
		FAB2DFFD2A1C19B5006EC398 /* Views */ = {
			isa = PBXGroup;
			children = (
				FA170A022A0307DA00E1B1ED /* MainScreenViewController.swift */,
				FA170A142A03131100E1B1ED /* MainScreenTableViewCell.swift */,
				FAB2DFFF2A1C1A14006EC398 /* MainScreenDiffableDataSource.swift */,
			);
			path = Views;
			sourceTree = "<group>";
		};
		FAB2DFFE2A1C19CE006EC398 /* Models */ = {
			isa = PBXGroup;
			children = (
				FA170A0E2A030B7000E1B1ED /* Model.swift */,
				FA4E00D02A201192002798A8 /* Movie.swift */,
				FA4E00D32A2011D4002798A8 /* TVShow.swift */,
			);
			path = Models;
			sourceTree = "<group>";
		};
		FAB2E0172A1D20D3006EC398 /* FavoritesModule */ = {
			isa = PBXGroup;
			children = (
				FAB2E0182A1D2114006EC398 /* FavoritesBuilder.swift */,
				FAB2E01E2A1D2920006EC398 /* FavoritesPresenter.swift */,
				FAB2E01B2A1D2531006EC398 /* FavoritesInteractor.swift */,
			);
			path = FavoritesModule;
			sourceTree = "<group>";
		};
		FAB7F1832A12FE8C0015C55D /* MediaDetailModule */ = {
			isa = PBXGroup;
			children = (
				FAB7F1842A12FEA40015C55D /* MediaDetailBuilder.swift */,
				FAB7F1AF2A1563ED0015C55D /* Views */,
				FAB7F18A2A12FEB60015C55D /* MediaDetailPresenter.swift */,
				FAB7F18D2A12FEBD0015C55D /* MediaDetailInteractor.swift */,
				FAB7F1902A12FEC40015C55D /* MediaDetailRouter.swift */,
			);
			path = MediaDetailModule;
			sourceTree = "<group>";
		};
		FAB7F1AF2A1563ED0015C55D /* Views */ = {
			isa = PBXGroup;
			children = (
				FAB7F1872A12FEAD0015C55D /* MediaDetailViewController.swift */,
				FAB7F1A32A141FBA0015C55D /* CarouselCell.swift */,
				FAB7F1A92A1551D20015C55D /* Carousel.swift */,
				FAB7F1B02A1566460015C55D /* MediaInfoView.swift */,
				FADCBCF92A1FE71400A74D85 /* UIKitPreview.swift */,
			);
			path = Views;
			sourceTree = "<group>";
		};
		FAE81AA32AA13BC600EDEF62 /* MLModalAlert */ = {
			isa = PBXGroup;
			children = (
				FAB2DFE72A1C1747006EC398 /* MLAlertView.swift */,
				FAB2DFEA2A1C175F006EC398 /* MLAlertContainerView.swift */,
				FAB2DFED2A1C1792006EC398 /* MLTitleLabel.swift */,
				FAB2DFF02A1C17A8006EC398 /* MLBodyLabel.swift */,
				FAB2DFF32A1C17B9006EC398 /* MLButton.swift */,
			);
			path = MLModalAlert;
			sourceTree = "<group>";
		};
/* End PBXGroup section */

/* Begin PBXHeadersBuildPhase section */
		FA3FA4412AA7D11600135863 /* Headers */ = {
			isa = PBXHeadersBuildPhase;
			buildActionMask = 2147483647;
			files = (
				FA3FA4542AA7D11700135863 /* MovieListFramework.h in Headers */,
			);
			runOnlyForDeploymentPostprocessing = 0;
		};
/* End PBXHeadersBuildPhase section */

/* Begin PBXNativeTarget section */
		FA1709CA2A02E8A700E1B1ED /* MovieList */ = {
			isa = PBXNativeTarget;
			buildConfigurationList = FA1709F52A02E8AE00E1B1ED /* Build configuration list for PBXNativeTarget "MovieList" */;
			buildPhases = (
				FA1709C72A02E8A700E1B1ED /* Sources */,
				FA1709C82A02E8A700E1B1ED /* Frameworks */,
				FA1709C92A02E8A700E1B1ED /* Resources */,
			);
			buildRules = (
			);
			dependencies = (
			);
			name = MovieList;
			packageProductDependencies = (
			);
			productName = MovieList;
			productReference = FA1709CB2A02E8A700E1B1ED /* MovieList.app */;
			productType = "com.apple.product-type.application";
		};
		FA1709E02A02E8AD00E1B1ED /* MovieListTests */ = {
			isa = PBXNativeTarget;
			buildConfigurationList = FA1709F82A02E8AE00E1B1ED /* Build configuration list for PBXNativeTarget "MovieListTests" */;
			buildPhases = (
				FA1709DD2A02E8AD00E1B1ED /* Sources */,
				FA1709DE2A02E8AD00E1B1ED /* Frameworks */,
				FA1709DF2A02E8AD00E1B1ED /* Resources */,
			);
			buildRules = (
			);
			dependencies = (
				FA1709E32A02E8AD00E1B1ED /* PBXTargetDependency */,
			);
			name = MovieListTests;
			productName = MovieListTests;
			productReference = FA1709E12A02E8AD00E1B1ED /* MovieListTests.xctest */;
			productType = "com.apple.product-type.bundle.unit-test";
		};
		FA1709EA2A02E8AE00E1B1ED /* MovieListUITests */ = {
			isa = PBXNativeTarget;
			buildConfigurationList = FA1709FB2A02E8AE00E1B1ED /* Build configuration list for PBXNativeTarget "MovieListUITests" */;
			buildPhases = (
				FA1709E72A02E8AE00E1B1ED /* Sources */,
				FA1709E82A02E8AE00E1B1ED /* Frameworks */,
				FA1709E92A02E8AE00E1B1ED /* Resources */,
			);
			buildRules = (
			);
			dependencies = (
				FA1709ED2A02E8AE00E1B1ED /* PBXTargetDependency */,
			);
			name = MovieListUITests;
			productName = MovieListUITests;
			productReference = FA1709EB2A02E8AE00E1B1ED /* MovieListUITests.xctest */;
			productType = "com.apple.product-type.bundle.ui-testing";
		};
		FA3FA4452AA7D11600135863 /* MovieListFramework */ = {
			isa = PBXNativeTarget;
			buildConfigurationList = FA3FA4552AA7D11700135863 /* Build configuration list for PBXNativeTarget "MovieListFramework" */;
			buildPhases = (
				FA3FA4412AA7D11600135863 /* Headers */,
				FA3FA4422AA7D11600135863 /* Sources */,
				FA3FA4432AA7D11600135863 /* Frameworks */,
				FA3FA4442AA7D11600135863 /* Resources */,
			);
			buildRules = (
			);
			dependencies = (
			);
			name = MovieListFramework;
			productName = MovieListFramework;
			productReference = FA3FA4462AA7D11600135863 /* MovieListFramework.framework */;
			productType = "com.apple.product-type.framework";
		};
		FA3FA44C2AA7D11700135863 /* MovieListFrameworkTests */ = {
			isa = PBXNativeTarget;
			buildConfigurationList = FA3FA4582AA7D11700135863 /* Build configuration list for PBXNativeTarget "MovieListFrameworkTests" */;
			buildPhases = (
				FA3FA4492AA7D11700135863 /* Sources */,
				FA3FA44A2AA7D11700135863 /* Frameworks */,
				FA3FA44B2AA7D11700135863 /* Resources */,
			);
			buildRules = (
			);
			dependencies = (
				FA3FA4502AA7D11700135863 /* PBXTargetDependency */,
			);
			name = MovieListFrameworkTests;
			productName = MovieListFrameworkTests;
			productReference = FA3FA44D2AA7D11700135863 /* MovieListFrameworkTests.xctest */;
			productType = "com.apple.product-type.bundle.unit-test";
		};
/* End PBXNativeTarget section */

/* Begin PBXProject section */
		FA1709C32A02E8A700E1B1ED /* Project object */ = {
			isa = PBXProject;
			attributes = {
				BuildIndependentTargetsInParallel = 1;
				LastSwiftUpdateCheck = 1430;
				LastUpgradeCheck = 1430;
				TargetAttributes = {
					FA1709CA2A02E8A700E1B1ED = {
						CreatedOnToolsVersion = 14.3;
					};
					FA1709E02A02E8AD00E1B1ED = {
						CreatedOnToolsVersion = 14.3;
						TestTargetID = FA1709CA2A02E8A700E1B1ED;
					};
					FA1709EA2A02E8AE00E1B1ED = {
						CreatedOnToolsVersion = 14.3;
						TestTargetID = FA1709CA2A02E8A700E1B1ED;
					};
					FA3FA4452AA7D11600135863 = {
						CreatedOnToolsVersion = 14.3.1;
						LastSwiftMigration = 1430;
					};
					FA3FA44C2AA7D11700135863 = {
						CreatedOnToolsVersion = 14.3.1;
					};
				};
			};
			buildConfigurationList = FA1709C62A02E8A700E1B1ED /* Build configuration list for PBXProject "MovieList" */;
			compatibilityVersion = "Xcode 14.0";
			developmentRegion = en;
			hasScannedForEncodings = 0;
			knownRegions = (
				en,
				Base,
			);
			mainGroup = FA1709C22A02E8A700E1B1ED;
			packageReferences = (
			);
			productRefGroup = FA1709CC2A02E8A700E1B1ED /* Products */;
			projectDirPath = "";
			projectRoot = "";
			targets = (
				FA1709CA2A02E8A700E1B1ED /* MovieList */,
				FA1709E02A02E8AD00E1B1ED /* MovieListTests */,
				FA1709EA2A02E8AE00E1B1ED /* MovieListUITests */,
				FA3FA4452AA7D11600135863 /* MovieListFramework */,
				FA3FA44C2AA7D11700135863 /* MovieListFrameworkTests */,
			);
		};
/* End PBXProject section */

/* Begin PBXResourcesBuildPhase section */
		FA1709C92A02E8A700E1B1ED /* Resources */ = {
			isa = PBXResourcesBuildPhase;
			buildActionMask = 2147483647;
			files = (
				FA1709DB2A02E8AD00E1B1ED /* LaunchScreen.storyboard in Resources */,
				FA1709D82A02E8AD00E1B1ED /* Assets.xcassets in Resources */,
			);
			runOnlyForDeploymentPostprocessing = 0;
		};
		FA1709DF2A02E8AD00E1B1ED /* Resources */ = {
			isa = PBXResourcesBuildPhase;
			buildActionMask = 2147483647;
			files = (
			);
			runOnlyForDeploymentPostprocessing = 0;
		};
		FA1709E92A02E8AE00E1B1ED /* Resources */ = {
			isa = PBXResourcesBuildPhase;
			buildActionMask = 2147483647;
			files = (
			);
			runOnlyForDeploymentPostprocessing = 0;
		};
		FA3FA4442AA7D11600135863 /* Resources */ = {
			isa = PBXResourcesBuildPhase;
			buildActionMask = 2147483647;
			files = (
			);
			runOnlyForDeploymentPostprocessing = 0;
		};
		FA3FA44B2AA7D11700135863 /* Resources */ = {
			isa = PBXResourcesBuildPhase;
			buildActionMask = 2147483647;
			files = (
			);
			runOnlyForDeploymentPostprocessing = 0;
		};
/* End PBXResourcesBuildPhase section */

/* Begin PBXSourcesBuildPhase section */
		FA1709C72A02E8A700E1B1ED /* Sources */ = {
			isa = PBXSourcesBuildPhase;
			buildActionMask = 2147483647;
			files = (
				FAB2E0092A1C1F4A006EC398 /* UICollectionView+Extension.swift in Sources */,
				FAB7F1912A12FEC40015C55D /* MediaDetailRouter.swift in Sources */,
				FAB7F18B2A12FEB60015C55D /* MediaDetailPresenter.swift in Sources */,
				FAB2DFF72A1C18C1006EC398 /* ImageCache.swift in Sources */,
				FAB2DFE82A1C1747006EC398 /* MLAlertView.swift in Sources */,
				FAB7F1AA2A1551D30015C55D /* Carousel.swift in Sources */,
				FA170A152A03131100E1B1ED /* MainScreenTableViewCell.swift in Sources */,
				FAB7F1AD2A1562A70015C55D /* DispatchQueue+Extension.swift in Sources */,
				FADCBCFC2A1FFF2A00A74D85 /* String+Extension.swift in Sources */,
				FA170A122A030F2900E1B1ED /* NetworkingService.swift in Sources */,
				FAB2E0032A1C1DD1006EC398 /* Double+Extension.swift in Sources */,
				FAB7F1852A12FEA40015C55D /* MediaDetailBuilder.swift in Sources */,
				FAB2E0152A1C292D006EC398 /* UITableViewCell+Extension.swift in Sources */,
				FAB7F1B12A1566460015C55D /* MediaInfoView.swift in Sources */,
				FAB2E0002A1C1A14006EC398 /* MainScreenDiffableDataSource.swift in Sources */,
				FAB7F18E2A12FEBD0015C55D /* MediaDetailInteractor.swift in Sources */,
				FA4F9B2A2A250064007CC544 /* UIColor+Extension.swift in Sources */,
				FAF8AF872A1D36960086B926 /* FavoritesBuilder.swift in Sources */,
				FAF8AF8A2A1D369E0086B926 /* FavoritesInteractor.swift in Sources */,
				FAB2DFF12A1C17A8006EC398 /* MLBodyLabel.swift in Sources */,
				FAB7F1882A12FEAD0015C55D /* MediaDetailViewController.swift in Sources */,
				FAB7F1A42A141FBA0015C55D /* CarouselCell.swift in Sources */,
				FA170A252A059FAC00E1B1ED /* FavoritesRepository.swift in Sources */,
				FA170A032A0307DA00E1B1ED /* MainScreenViewController.swift in Sources */,
				FA170A0C2A03082C00E1B1ED /* MainRouter.swift in Sources */,
				FAB2E00C2A1C1F6D006EC398 /* UIViewController+Extension.swift in Sources */,
				FA4E00D12A201192002798A8 /* Movie.swift in Sources */,
				FAF8AF862A1D368D0086B926 /* FavoritesPresenter.swift in Sources */,
				FA170A0F2A030B7000E1B1ED /* Model.swift in Sources */,
				FAB2DFEE2A1C1792006EC398 /* MLTitleLabel.swift in Sources */,
				FA1709CF2A02E8A700E1B1ED /* AppDelegate.swift in Sources */,
				FA8F24442A1DA4A80096A69E /* Networking+Helpers.swift in Sources */,
				FAB2E0122A1C2013006EC398 /* UIView+Extension.swift in Sources */,
				FADCBCFA2A1FE71400A74D85 /* UIKitPreview.swift in Sources */,
				FA170A002A0307A400E1B1ED /* MainScreenBuilder.swift in Sources */,
				FA1709D12A02E8A700E1B1ED /* SceneDelegate.swift in Sources */,
				FA170A092A03081B00E1B1ED /* MainPresenter.swift in Sources */,
				FAB2DFEB2A1C175F006EC398 /* MLAlertContainerView.swift in Sources */,
				FA170A062A03080A00E1B1ED /* MainInteractor.swift in Sources */,
				FA4E00D42A2011D5002798A8 /* TVShow.swift in Sources */,
				FAB2E0062A1C1F1C006EC398 /* UIImageView+Extension.swift in Sources */,
				FAB2E00F2A1C1F9E006EC398 /* UIImage+Extension.swift in Sources */,
				FAB2DFF42A1C17B9006EC398 /* MLButton.swift in Sources */,
			);
			runOnlyForDeploymentPostprocessing = 0;
		};
		FA1709DD2A02E8AD00E1B1ED /* Sources */ = {
			isa = PBXSourcesBuildPhase;
			buildActionMask = 2147483647;
			files = (
				FAB2E00D2A1C1F6D006EC398 /* UIViewController+Extension.swift in Sources */,
				FA170A102A030B7000E1B1ED /* Model.swift in Sources */,
				FAB2E00A2A1C1F4A006EC398 /* UICollectionView+Extension.swift in Sources */,
				FAF8AF882A1D36960086B926 /* FavoritesBuilder.swift in Sources */,
				FAB2E0042A1C1DD1006EC398 /* Double+Extension.swift in Sources */,
				FA170A0A2A03081B00E1B1ED /* MainPresenter.swift in Sources */,
				FAB2E0012A1C1A14006EC398 /* MainScreenDiffableDataSource.swift in Sources */,
				FAB7F1B22A1566460015C55D /* MediaInfoView.swift in Sources */,
				FA170A132A030F2900E1B1ED /* NetworkingService.swift in Sources */,
				FAB7F1892A12FEAD0015C55D /* MediaDetailViewController.swift in Sources */,
				FAB2DFEC2A1C175F006EC398 /* MLAlertContainerView.swift in Sources */,
				FAB2E0132A1C2013006EC398 /* UIView+Extension.swift in Sources */,
				FAB7F1AE2A1562A70015C55D /* DispatchQueue+Extension.swift in Sources */,
				FAB7F18C2A12FEB60015C55D /* MediaDetailPresenter.swift in Sources */,
				FAB2E0162A1C292D006EC398 /* UITableViewCell+Extension.swift in Sources */,
				FA170A012A0307A400E1B1ED /* MainScreenBuilder.swift in Sources */,
				FA4E00D22A201192002798A8 /* Movie.swift in Sources */,
				FAB7F1AB2A1551D30015C55D /* Carousel.swift in Sources */,
				FA1709E62A02E8AD00E1B1ED /* MovieListTests.swift in Sources */,
				FAB2DFF22A1C17A8006EC398 /* MLBodyLabel.swift in Sources */,
				FA170A262A059FAC00E1B1ED /* FavoritesRepository.swift in Sources */,
				FAB7F1862A12FEA40015C55D /* MediaDetailBuilder.swift in Sources */,
				FAF8AF892A1D369C0086B926 /* FavoritesPresenter.swift in Sources */,
				FAB7F1922A12FEC40015C55D /* MediaDetailRouter.swift in Sources */,
				FAB7F18F2A12FEBD0015C55D /* MediaDetailInteractor.swift in Sources */,
				FAB2DFF52A1C17B9006EC398 /* MLButton.swift in Sources */,
				FA4E00D52A2011D5002798A8 /* TVShow.swift in Sources */,
				FA170A162A03131100E1B1ED /* MainScreenTableViewCell.swift in Sources */,
				FAF8AF8B2A1D369F0086B926 /* FavoritesInteractor.swift in Sources */,
				FAB2DFEF2A1C1792006EC398 /* MLTitleLabel.swift in Sources */,
				FAB2DFF82A1C18C1006EC398 /* ImageCache.swift in Sources */,
				FAB7F1A52A141FBA0015C55D /* CarouselCell.swift in Sources */,
				FAB2E0102A1C1F9E006EC398 /* UIImage+Extension.swift in Sources */,
				FAB2DFE92A1C1747006EC398 /* MLAlertView.swift in Sources */,
				FA170A042A0307DA00E1B1ED /* MainScreenViewController.swift in Sources */,
				FA170A072A03080A00E1B1ED /* MainInteractor.swift in Sources */,
				FADCBCFD2A1FFF2A00A74D85 /* String+Extension.swift in Sources */,
				FAB2E0072A1C1F1C006EC398 /* UIImageView+Extension.swift in Sources */,
				FA170A0D2A03082C00E1B1ED /* MainRouter.swift in Sources */,
				FA4F9B2B2A250064007CC544 /* UIColor+Extension.swift in Sources */,
			);
			runOnlyForDeploymentPostprocessing = 0;
		};
		FA1709E72A02E8AE00E1B1ED /* Sources */ = {
			isa = PBXSourcesBuildPhase;
			buildActionMask = 2147483647;
			files = (
				FA1709F02A02E8AE00E1B1ED /* MovieListUITests.swift in Sources */,
				FA1709F22A02E8AE00E1B1ED /* MovieListUITestsLaunchTests.swift in Sources */,
			);
			runOnlyForDeploymentPostprocessing = 0;
		};
		FA3FA4422AA7D11600135863 /* Sources */ = {
			isa = PBXSourcesBuildPhase;
			buildActionMask = 2147483647;
			files = (
				FA5ADCC82AABC37A0068C134 /* MediaItemsMapper.swift in Sources */,
				FA3FA4642AA8FD8C00135863 /* RemoteMediaLoader.swift in Sources */,
				FA3FA45C2AA7D1FD00135863 /* MovieItem.swift in Sources */,
				FA5ADCC62AABC31B0068C134 /* HTTPClient.swift in Sources */,
				FA3FA45E2AA7E70E00135863 /* MediaLoader.swift in Sources */,
				FAFAEF482AAFB7800054B653 /* URLSessionHTTPClient.swift in Sources */,
			);
			runOnlyForDeploymentPostprocessing = 0;
		};
		FA3FA4492AA7D11700135863 /* Sources */ = {
			isa = PBXSourcesBuildPhase;
			buildActionMask = 2147483647;
			files = (
				FA3FA4612AA8029100135863 /* RemoteMediaLoaderTests.swift in Sources */,
				FA97B9EA2AACFB2A00FB52D5 /* URLSessionHTTPClientTests.swift in Sources */,
				FA8F95312AAF93B400372BCF /* XCTestCase+MemoryLeakTracking.swift in Sources */,
			);
			runOnlyForDeploymentPostprocessing = 0;
		};
/* End PBXSourcesBuildPhase section */

/* Begin PBXTargetDependency section */
		FA1709E32A02E8AD00E1B1ED /* PBXTargetDependency */ = {
			isa = PBXTargetDependency;
			target = FA1709CA2A02E8A700E1B1ED /* MovieList */;
			targetProxy = FA1709E22A02E8AD00E1B1ED /* PBXContainerItemProxy */;
		};
		FA1709ED2A02E8AE00E1B1ED /* PBXTargetDependency */ = {
			isa = PBXTargetDependency;
			target = FA1709CA2A02E8A700E1B1ED /* MovieList */;
			targetProxy = FA1709EC2A02E8AE00E1B1ED /* PBXContainerItemProxy */;
		};
		FA3FA4502AA7D11700135863 /* PBXTargetDependency */ = {
			isa = PBXTargetDependency;
			target = FA3FA4452AA7D11600135863 /* MovieListFramework */;
			targetProxy = FA3FA44F2AA7D11700135863 /* PBXContainerItemProxy */;
		};
/* End PBXTargetDependency section */

/* Begin PBXVariantGroup section */
		FA1709D92A02E8AD00E1B1ED /* LaunchScreen.storyboard */ = {
			isa = PBXVariantGroup;
			children = (
				FA1709DA2A02E8AD00E1B1ED /* Base */,
			);
			name = LaunchScreen.storyboard;
			sourceTree = "<group>";
		};
/* End PBXVariantGroup section */

/* Begin XCBuildConfiguration section */
		FA1709F32A02E8AE00E1B1ED /* Debug */ = {
			isa = XCBuildConfiguration;
			buildSettings = {
				ALWAYS_SEARCH_USER_PATHS = NO;
				CLANG_ANALYZER_NONNULL = YES;
				CLANG_ANALYZER_NUMBER_OBJECT_CONVERSION = YES_AGGRESSIVE;
				CLANG_CXX_LANGUAGE_STANDARD = "gnu++20";
				CLANG_ENABLE_MODULES = YES;
				CLANG_ENABLE_OBJC_ARC = YES;
				CLANG_ENABLE_OBJC_WEAK = YES;
				CLANG_WARN_BLOCK_CAPTURE_AUTORELEASING = YES;
				CLANG_WARN_BOOL_CONVERSION = YES;
				CLANG_WARN_COMMA = YES;
				CLANG_WARN_CONSTANT_CONVERSION = YES;
				CLANG_WARN_DEPRECATED_OBJC_IMPLEMENTATIONS = YES;
				CLANG_WARN_DIRECT_OBJC_ISA_USAGE = YES_ERROR;
				CLANG_WARN_DOCUMENTATION_COMMENTS = YES;
				CLANG_WARN_EMPTY_BODY = YES;
				CLANG_WARN_ENUM_CONVERSION = YES;
				CLANG_WARN_INFINITE_RECURSION = YES;
				CLANG_WARN_INT_CONVERSION = YES;
				CLANG_WARN_NON_LITERAL_NULL_CONVERSION = YES;
				CLANG_WARN_OBJC_IMPLICIT_RETAIN_SELF = YES;
				CLANG_WARN_OBJC_LITERAL_CONVERSION = YES;
				CLANG_WARN_OBJC_ROOT_CLASS = YES_ERROR;
				CLANG_WARN_QUOTED_INCLUDE_IN_FRAMEWORK_HEADER = YES;
				CLANG_WARN_RANGE_LOOP_ANALYSIS = YES;
				CLANG_WARN_STRICT_PROTOTYPES = YES;
				CLANG_WARN_SUSPICIOUS_MOVE = YES;
				CLANG_WARN_UNGUARDED_AVAILABILITY = YES_AGGRESSIVE;
				CLANG_WARN_UNREACHABLE_CODE = YES;
				CLANG_WARN__DUPLICATE_METHOD_MATCH = YES;
				COPY_PHASE_STRIP = NO;
				DEBUG_INFORMATION_FORMAT = dwarf;
				ENABLE_STRICT_OBJC_MSGSEND = YES;
				ENABLE_TESTABILITY = YES;
				GCC_C_LANGUAGE_STANDARD = gnu11;
				GCC_DYNAMIC_NO_PIC = NO;
				GCC_NO_COMMON_BLOCKS = YES;
				GCC_OPTIMIZATION_LEVEL = 0;
				GCC_PREPROCESSOR_DEFINITIONS = (
					"DEBUG=1",
					"$(inherited)",
				);
				GCC_WARN_64_TO_32_BIT_CONVERSION = YES;
				GCC_WARN_ABOUT_RETURN_TYPE = YES_ERROR;
				GCC_WARN_UNDECLARED_SELECTOR = YES;
				GCC_WARN_UNINITIALIZED_AUTOS = YES_AGGRESSIVE;
				GCC_WARN_UNUSED_FUNCTION = YES;
				GCC_WARN_UNUSED_VARIABLE = YES;
				IPHONEOS_DEPLOYMENT_TARGET = 16.1;
				MTL_ENABLE_DEBUG_INFO = INCLUDE_SOURCE;
				MTL_FAST_MATH = YES;
				ONLY_ACTIVE_ARCH = YES;
				SDKROOT = iphoneos;
				SWIFT_ACTIVE_COMPILATION_CONDITIONS = DEBUG;
				SWIFT_OPTIMIZATION_LEVEL = "-Onone";
			};
			name = Debug;
		};
		FA1709F42A02E8AE00E1B1ED /* Release */ = {
			isa = XCBuildConfiguration;
			buildSettings = {
				ALWAYS_SEARCH_USER_PATHS = NO;
				CLANG_ANALYZER_NONNULL = YES;
				CLANG_ANALYZER_NUMBER_OBJECT_CONVERSION = YES_AGGRESSIVE;
				CLANG_CXX_LANGUAGE_STANDARD = "gnu++20";
				CLANG_ENABLE_MODULES = YES;
				CLANG_ENABLE_OBJC_ARC = YES;
				CLANG_ENABLE_OBJC_WEAK = YES;
				CLANG_WARN_BLOCK_CAPTURE_AUTORELEASING = YES;
				CLANG_WARN_BOOL_CONVERSION = YES;
				CLANG_WARN_COMMA = YES;
				CLANG_WARN_CONSTANT_CONVERSION = YES;
				CLANG_WARN_DEPRECATED_OBJC_IMPLEMENTATIONS = YES;
				CLANG_WARN_DIRECT_OBJC_ISA_USAGE = YES_ERROR;
				CLANG_WARN_DOCUMENTATION_COMMENTS = YES;
				CLANG_WARN_EMPTY_BODY = YES;
				CLANG_WARN_ENUM_CONVERSION = YES;
				CLANG_WARN_INFINITE_RECURSION = YES;
				CLANG_WARN_INT_CONVERSION = YES;
				CLANG_WARN_NON_LITERAL_NULL_CONVERSION = YES;
				CLANG_WARN_OBJC_IMPLICIT_RETAIN_SELF = YES;
				CLANG_WARN_OBJC_LITERAL_CONVERSION = YES;
				CLANG_WARN_OBJC_ROOT_CLASS = YES_ERROR;
				CLANG_WARN_QUOTED_INCLUDE_IN_FRAMEWORK_HEADER = YES;
				CLANG_WARN_RANGE_LOOP_ANALYSIS = YES;
				CLANG_WARN_STRICT_PROTOTYPES = YES;
				CLANG_WARN_SUSPICIOUS_MOVE = YES;
				CLANG_WARN_UNGUARDED_AVAILABILITY = YES_AGGRESSIVE;
				CLANG_WARN_UNREACHABLE_CODE = YES;
				CLANG_WARN__DUPLICATE_METHOD_MATCH = YES;
				COPY_PHASE_STRIP = NO;
				DEBUG_INFORMATION_FORMAT = "dwarf-with-dsym";
				ENABLE_NS_ASSERTIONS = NO;
				ENABLE_STRICT_OBJC_MSGSEND = YES;
				GCC_C_LANGUAGE_STANDARD = gnu11;
				GCC_NO_COMMON_BLOCKS = YES;
				GCC_WARN_64_TO_32_BIT_CONVERSION = YES;
				GCC_WARN_ABOUT_RETURN_TYPE = YES_ERROR;
				GCC_WARN_UNDECLARED_SELECTOR = YES;
				GCC_WARN_UNINITIALIZED_AUTOS = YES_AGGRESSIVE;
				GCC_WARN_UNUSED_FUNCTION = YES;
				GCC_WARN_UNUSED_VARIABLE = YES;
				IPHONEOS_DEPLOYMENT_TARGET = 16.1;
				MTL_ENABLE_DEBUG_INFO = NO;
				MTL_FAST_MATH = YES;
				SDKROOT = iphoneos;
				SWIFT_COMPILATION_MODE = wholemodule;
				SWIFT_OPTIMIZATION_LEVEL = "-O";
				VALIDATE_PRODUCT = YES;
			};
			name = Release;
		};
		FA1709F62A02E8AE00E1B1ED /* Debug */ = {
			isa = XCBuildConfiguration;
			buildSettings = {
				ASSETCATALOG_COMPILER_APPICON_NAME = AppIcon;
				ASSETCATALOG_COMPILER_GLOBAL_ACCENT_COLOR_NAME = AccentColor;
				CODE_SIGN_STYLE = Automatic;
				CURRENT_PROJECT_VERSION = 1;
				DEVELOPMENT_TEAM = YBSZVA7CYQ;
				GENERATE_INFOPLIST_FILE = YES;
				INFOPLIST_FILE = MovieList/Info.plist;
				INFOPLIST_KEY_UIApplicationSupportsIndirectInputEvents = YES;
				INFOPLIST_KEY_UILaunchStoryboardName = LaunchScreen;
				INFOPLIST_KEY_UIMainStoryboardFile = "";
				INFOPLIST_KEY_UISupportedInterfaceOrientations_iPad = "UIInterfaceOrientationPortrait UIInterfaceOrientationPortraitUpsideDown UIInterfaceOrientationLandscapeLeft UIInterfaceOrientationLandscapeRight";
				INFOPLIST_KEY_UISupportedInterfaceOrientations_iPhone = "UIInterfaceOrientationPortrait UIInterfaceOrientationLandscapeLeft UIInterfaceOrientationLandscapeRight";
				LD_RUNPATH_SEARCH_PATHS = (
					"$(inherited)",
					"@executable_path/Frameworks",
				);
				MARKETING_VERSION = 1.0;
				PRODUCT_BUNDLE_IDENTIFIER = com.jmdb.wot.MovieList;
				PRODUCT_NAME = "$(TARGET_NAME)";
				SWIFT_EMIT_LOC_STRINGS = YES;
				SWIFT_VERSION = 5.0;
				TARGETED_DEVICE_FAMILY = "1,2";
			};
			name = Debug;
		};
		FA1709F72A02E8AE00E1B1ED /* Release */ = {
			isa = XCBuildConfiguration;
			buildSettings = {
				ASSETCATALOG_COMPILER_APPICON_NAME = AppIcon;
				ASSETCATALOG_COMPILER_GLOBAL_ACCENT_COLOR_NAME = AccentColor;
				CODE_SIGN_STYLE = Automatic;
				CURRENT_PROJECT_VERSION = 1;
				DEVELOPMENT_TEAM = YBSZVA7CYQ;
				GENERATE_INFOPLIST_FILE = YES;
				INFOPLIST_FILE = MovieList/Info.plist;
				INFOPLIST_KEY_UIApplicationSupportsIndirectInputEvents = YES;
				INFOPLIST_KEY_UILaunchStoryboardName = LaunchScreen;
				INFOPLIST_KEY_UIMainStoryboardFile = "";
				INFOPLIST_KEY_UISupportedInterfaceOrientations_iPad = "UIInterfaceOrientationPortrait UIInterfaceOrientationPortraitUpsideDown UIInterfaceOrientationLandscapeLeft UIInterfaceOrientationLandscapeRight";
				INFOPLIST_KEY_UISupportedInterfaceOrientations_iPhone = "UIInterfaceOrientationPortrait UIInterfaceOrientationLandscapeLeft UIInterfaceOrientationLandscapeRight";
				LD_RUNPATH_SEARCH_PATHS = (
					"$(inherited)",
					"@executable_path/Frameworks",
				);
				MARKETING_VERSION = 1.0;
				PRODUCT_BUNDLE_IDENTIFIER = com.jmdb.wot.MovieList;
				PRODUCT_NAME = "$(TARGET_NAME)";
				SWIFT_EMIT_LOC_STRINGS = YES;
				SWIFT_VERSION = 5.0;
				TARGETED_DEVICE_FAMILY = "1,2";
			};
			name = Release;
		};
		FA1709F92A02E8AE00E1B1ED /* Debug */ = {
			isa = XCBuildConfiguration;
			buildSettings = {
				ALWAYS_EMBED_SWIFT_STANDARD_LIBRARIES = YES;
				BUNDLE_LOADER = "$(TEST_HOST)";
				CODE_SIGN_STYLE = Automatic;
				CURRENT_PROJECT_VERSION = 1;
				DEVELOPMENT_TEAM = YBSZVA7CYQ;
				GENERATE_INFOPLIST_FILE = YES;
				IPHONEOS_DEPLOYMENT_TARGET = 16.4;
				MARKETING_VERSION = 1.0;
				PRODUCT_BUNDLE_IDENTIFIER = com.jmdb.wot.MovieListTests;
				PRODUCT_NAME = "$(TARGET_NAME)";
				SWIFT_EMIT_LOC_STRINGS = NO;
				SWIFT_VERSION = 5.0;
				TARGETED_DEVICE_FAMILY = "1,2";
				TEST_HOST = "$(BUILT_PRODUCTS_DIR)/MovieList.app/$(BUNDLE_EXECUTABLE_FOLDER_PATH)/MovieList";
			};
			name = Debug;
		};
		FA1709FA2A02E8AE00E1B1ED /* Release */ = {
			isa = XCBuildConfiguration;
			buildSettings = {
				ALWAYS_EMBED_SWIFT_STANDARD_LIBRARIES = YES;
				BUNDLE_LOADER = "$(TEST_HOST)";
				CODE_SIGN_STYLE = Automatic;
				CURRENT_PROJECT_VERSION = 1;
				DEVELOPMENT_TEAM = YBSZVA7CYQ;
				GENERATE_INFOPLIST_FILE = YES;
				IPHONEOS_DEPLOYMENT_TARGET = 16.4;
				MARKETING_VERSION = 1.0;
				PRODUCT_BUNDLE_IDENTIFIER = com.jmdb.wot.MovieListTests;
				PRODUCT_NAME = "$(TARGET_NAME)";
				SWIFT_EMIT_LOC_STRINGS = NO;
				SWIFT_VERSION = 5.0;
				TARGETED_DEVICE_FAMILY = "1,2";
				TEST_HOST = "$(BUILT_PRODUCTS_DIR)/MovieList.app/$(BUNDLE_EXECUTABLE_FOLDER_PATH)/MovieList";
			};
			name = Release;
		};
		FA1709FC2A02E8AE00E1B1ED /* Debug */ = {
			isa = XCBuildConfiguration;
			buildSettings = {
				ALWAYS_EMBED_SWIFT_STANDARD_LIBRARIES = YES;
				CODE_SIGN_STYLE = Automatic;
				CURRENT_PROJECT_VERSION = 1;
				DEVELOPMENT_TEAM = YBSZVA7CYQ;
				GENERATE_INFOPLIST_FILE = YES;
				MARKETING_VERSION = 1.0;
				PRODUCT_BUNDLE_IDENTIFIER = com.jmdb.wot.MovieListUITests;
				PRODUCT_NAME = "$(TARGET_NAME)";
				SWIFT_EMIT_LOC_STRINGS = NO;
				SWIFT_VERSION = 5.0;
				TARGETED_DEVICE_FAMILY = "1,2";
				TEST_TARGET_NAME = MovieList;
			};
			name = Debug;
		};
		FA1709FD2A02E8AE00E1B1ED /* Release */ = {
			isa = XCBuildConfiguration;
			buildSettings = {
				ALWAYS_EMBED_SWIFT_STANDARD_LIBRARIES = YES;
				CODE_SIGN_STYLE = Automatic;
				CURRENT_PROJECT_VERSION = 1;
				DEVELOPMENT_TEAM = YBSZVA7CYQ;
				GENERATE_INFOPLIST_FILE = YES;
				MARKETING_VERSION = 1.0;
				PRODUCT_BUNDLE_IDENTIFIER = com.jmdb.wot.MovieListUITests;
				PRODUCT_NAME = "$(TARGET_NAME)";
				SWIFT_EMIT_LOC_STRINGS = NO;
				SWIFT_VERSION = 5.0;
				TARGETED_DEVICE_FAMILY = "1,2";
				TEST_TARGET_NAME = MovieList;
			};
			name = Release;
		};
		FA3FA4562AA7D11700135863 /* Debug */ = {
			isa = XCBuildConfiguration;
			buildSettings = {
				CLANG_ENABLE_MODULES = YES;
				CODE_SIGN_STYLE = Automatic;
				COMBINE_HIDPI_IMAGES = YES;
				CURRENT_PROJECT_VERSION = 1;
				DEFINES_MODULE = YES;
				DEVELOPMENT_TEAM = YBSZVA7CYQ;
				DYLIB_COMPATIBILITY_VERSION = 1;
				DYLIB_CURRENT_VERSION = 1;
				DYLIB_INSTALL_NAME_BASE = "@rpath";
				ENABLE_MODULE_VERIFIER = YES;
				GENERATE_INFOPLIST_FILE = YES;
				INFOPLIST_KEY_NSHumanReadableCopyright = "";
				INSTALL_PATH = "$(LOCAL_LIBRARY_DIR)/Frameworks";
				LD_RUNPATH_SEARCH_PATHS = (
					"$(inherited)",
					"@executable_path/../Frameworks",
					"@loader_path/Frameworks",
				);
				MACOSX_DEPLOYMENT_TARGET = 13.3;
				MARKETING_VERSION = 1.0;
				MODULE_VERIFIER_SUPPORTED_LANGUAGES = "objective-c objective-c++";
				MODULE_VERIFIER_SUPPORTED_LANGUAGE_STANDARDS = "gnu11 gnu++20";
				PRODUCT_BUNDLE_IDENTIFIER = com.jmt.wot.FeedApp.MovieListFramework;
				PRODUCT_NAME = "$(TARGET_NAME:c99extidentifier)";
				SDKROOT = macosx;
				SKIP_INSTALL = YES;
				SWIFT_EMIT_LOC_STRINGS = YES;
				SWIFT_OPTIMIZATION_LEVEL = "-Onone";
				SWIFT_VERSION = 5.0;
				VERSIONING_SYSTEM = "apple-generic";
				VERSION_INFO_PREFIX = "";
			};
			name = Debug;
		};
		FA3FA4572AA7D11700135863 /* Release */ = {
			isa = XCBuildConfiguration;
			buildSettings = {
				CLANG_ENABLE_MODULES = YES;
				CODE_SIGN_STYLE = Automatic;
				COMBINE_HIDPI_IMAGES = YES;
				CURRENT_PROJECT_VERSION = 1;
				DEFINES_MODULE = YES;
				DEVELOPMENT_TEAM = YBSZVA7CYQ;
				DYLIB_COMPATIBILITY_VERSION = 1;
				DYLIB_CURRENT_VERSION = 1;
				DYLIB_INSTALL_NAME_BASE = "@rpath";
				ENABLE_MODULE_VERIFIER = YES;
				GENERATE_INFOPLIST_FILE = YES;
				INFOPLIST_KEY_NSHumanReadableCopyright = "";
				INSTALL_PATH = "$(LOCAL_LIBRARY_DIR)/Frameworks";
				LD_RUNPATH_SEARCH_PATHS = (
					"$(inherited)",
					"@executable_path/../Frameworks",
					"@loader_path/Frameworks",
				);
				MACOSX_DEPLOYMENT_TARGET = 13.3;
				MARKETING_VERSION = 1.0;
				MODULE_VERIFIER_SUPPORTED_LANGUAGES = "objective-c objective-c++";
				MODULE_VERIFIER_SUPPORTED_LANGUAGE_STANDARDS = "gnu11 gnu++20";
				PRODUCT_BUNDLE_IDENTIFIER = com.jmt.wot.FeedApp.MovieListFramework;
				PRODUCT_NAME = "$(TARGET_NAME:c99extidentifier)";
				SDKROOT = macosx;
				SKIP_INSTALL = YES;
				SWIFT_EMIT_LOC_STRINGS = YES;
				SWIFT_VERSION = 5.0;
				VERSIONING_SYSTEM = "apple-generic";
				VERSION_INFO_PREFIX = "";
			};
			name = Release;
		};
		FA3FA4592AA7D11700135863 /* Debug */ = {
			isa = XCBuildConfiguration;
			buildSettings = {
				ALWAYS_EMBED_SWIFT_STANDARD_LIBRARIES = YES;
				CODE_SIGN_STYLE = Automatic;
				CURRENT_PROJECT_VERSION = 1;
				DEVELOPMENT_TEAM = YBSZVA7CYQ;
				GENERATE_INFOPLIST_FILE = YES;
				MACOSX_DEPLOYMENT_TARGET = 13.3;
				MARKETING_VERSION = 1.0;
				PRODUCT_BUNDLE_IDENTIFIER = com.jmt.wot.FeedApp.MovieListFrameworkTests;
				PRODUCT_NAME = "$(TARGET_NAME)";
				SDKROOT = macosx;
				SWIFT_EMIT_LOC_STRINGS = NO;
				SWIFT_VERSION = 5.0;
			};
			name = Debug;
		};
		FA3FA45A2AA7D11700135863 /* Release */ = {
			isa = XCBuildConfiguration;
			buildSettings = {
				ALWAYS_EMBED_SWIFT_STANDARD_LIBRARIES = YES;
				CODE_SIGN_STYLE = Automatic;
				CURRENT_PROJECT_VERSION = 1;
				DEVELOPMENT_TEAM = YBSZVA7CYQ;
				GENERATE_INFOPLIST_FILE = YES;
				MACOSX_DEPLOYMENT_TARGET = 13.3;
				MARKETING_VERSION = 1.0;
				PRODUCT_BUNDLE_IDENTIFIER = com.jmt.wot.FeedApp.MovieListFrameworkTests;
				PRODUCT_NAME = "$(TARGET_NAME)";
				SDKROOT = macosx;
				SWIFT_EMIT_LOC_STRINGS = NO;
				SWIFT_VERSION = 5.0;
			};
			name = Release;
		};
/* End XCBuildConfiguration section */

/* Begin XCConfigurationList section */
		FA1709C62A02E8A700E1B1ED /* Build configuration list for PBXProject "MovieList" */ = {
			isa = XCConfigurationList;
			buildConfigurations = (
				FA1709F32A02E8AE00E1B1ED /* Debug */,
				FA1709F42A02E8AE00E1B1ED /* Release */,
			);
			defaultConfigurationIsVisible = 0;
			defaultConfigurationName = Release;
		};
		FA1709F52A02E8AE00E1B1ED /* Build configuration list for PBXNativeTarget "MovieList" */ = {
			isa = XCConfigurationList;
			buildConfigurations = (
				FA1709F62A02E8AE00E1B1ED /* Debug */,
				FA1709F72A02E8AE00E1B1ED /* Release */,
			);
			defaultConfigurationIsVisible = 0;
			defaultConfigurationName = Release;
		};
		FA1709F82A02E8AE00E1B1ED /* Build configuration list for PBXNativeTarget "MovieListTests" */ = {
			isa = XCConfigurationList;
			buildConfigurations = (
				FA1709F92A02E8AE00E1B1ED /* Debug */,
				FA1709FA2A02E8AE00E1B1ED /* Release */,
			);
			defaultConfigurationIsVisible = 0;
			defaultConfigurationName = Release;
		};
		FA1709FB2A02E8AE00E1B1ED /* Build configuration list for PBXNativeTarget "MovieListUITests" */ = {
			isa = XCConfigurationList;
			buildConfigurations = (
				FA1709FC2A02E8AE00E1B1ED /* Debug */,
				FA1709FD2A02E8AE00E1B1ED /* Release */,
			);
			defaultConfigurationIsVisible = 0;
			defaultConfigurationName = Release;
		};
		FA3FA4552AA7D11700135863 /* Build configuration list for PBXNativeTarget "MovieListFramework" */ = {
			isa = XCConfigurationList;
			buildConfigurations = (
				FA3FA4562AA7D11700135863 /* Debug */,
				FA3FA4572AA7D11700135863 /* Release */,
			);
			defaultConfigurationIsVisible = 0;
			defaultConfigurationName = Release;
		};
		FA3FA4582AA7D11700135863 /* Build configuration list for PBXNativeTarget "MovieListFrameworkTests" */ = {
			isa = XCConfigurationList;
			buildConfigurations = (
				FA3FA4592AA7D11700135863 /* Debug */,
				FA3FA45A2AA7D11700135863 /* Release */,
			);
			defaultConfigurationIsVisible = 0;
			defaultConfigurationName = Release;
		};
/* End XCConfigurationList section */
	};
	rootObject = FA1709C32A02E8A700E1B1ED /* Project object */;
}
